
Microsoft Visual Studio Solution File, Format Version 12.00
# Visual Studio Version 17
VisualStudioVersion = 17.3.32811.315
MinimumVisualStudioVersion = 10.0.40219.1
Project("{FAE04EC0-301F-11D3-BF4B-00C04F79EFBC}") = "Demo01", "Demo01\Demo01.csproj", "{4E5FA1E8-E104-4AEB-9605-3CCECCE18CA2}"
EndProject
Project("{FAE04EC0-301F-11D3-BF4B-00C04F79EFBC}") = "Demo02", "Demo02\Demo02.csproj", "{FFD67BE4-1F39-46B7-9AAF-C444F2F93681}"
EndProject
Project("{FAE04EC0-301F-11D3-BF4B-00C04F79EFBC}") = "Demo03", "Demo03\Demo03.csproj", "{652F95A8-D9D8-47EE-903F-659576DE70D6}"
EndProject
Project("{FAE04EC0-301F-11D3-BF4B-00C04F79EFBC}") = "Demo04", "Demo04\Demo04.csproj", "{6CC22A52-715B-49D2-AFFE-29E66AA09B79}"
EndProject
Global
	GlobalSection(SolutionConfigurationPlatforms) = preSolution
		Debug|Any CPU = Debug|Any CPU
		Release|Any CPU = Release|Any CPU
	EndGlobalSection
	GlobalSection(ProjectConfigurationPlatforms) = postSolution
		{4E5FA1E8-E104-4AEB-9605-3CCECCE18CA2}.Debug|Any CPU.ActiveCfg = Debug|Any CPU
		{4E5FA1E8-E104-4AEB-9605-3CCECCE18CA2}.Debug|Any CPU.Build.0 = Debug|Any CPU
		{4E5FA1E8-E104-4AEB-9605-3CCECCE18CA2}.Release|Any CPU.ActiveCfg = Release|Any CPU
		{4E5FA1E8-E104-4AEB-9605-3CCECCE18CA2}.Release|Any CPU.Build.0 = Release|Any CPU
		{FFD67BE4-1F39-46B7-9AAF-C444F2F93681}.Debug|Any CPU.ActiveCfg = Debug|Any CPU
		{FFD67BE4-1F39-46B7-9AAF-C444F2F93681}.Debug|Any CPU.Build.0 = Debug|Any CPU
		{FFD67BE4-1F39-46B7-9AAF-C444F2F93681}.Release|Any CPU.ActiveCfg = Release|Any CPU
		{FFD67BE4-1F39-46B7-9AAF-C444F2F93681}.Release|Any CPU.Build.0 = Release|Any CPU
		{652F95A8-D9D8-47EE-903F-659576DE70D6}.Debug|Any CPU.ActiveCfg = Debug|Any CPU
		{652F95A8-D9D8-47EE-903F-659576DE70D6}.Debug|Any CPU.Build.0 = Debug|Any CPU
		{652F95A8-D9D8-47EE-903F-659576DE70D6}.Release|Any CPU.ActiveCfg = Release|Any CPU
		{652F95A8-D9D8-47EE-903F-659576DE70D6}.Release|Any CPU.Build.0 = Release|Any CPU
		{6CC22A52-715B-49D2-AFFE-29E66AA09B79}.Debug|Any CPU.ActiveCfg = Debug|Any CPU
		{6CC22A52-715B-49D2-AFFE-29E66AA09B79}.Debug|Any CPU.Build.0 = Debug|Any CPU
		{6CC22A52-715B-49D2-AFFE-29E66AA09B79}.Release|Any CPU.ActiveCfg = Release|Any CPU
		{6CC22A52-715B-49D2-AFFE-29E66AA09B79}.Release|Any CPU.Build.0 = Release|Any CPU
	EndGlobalSection
	GlobalSection(SolutionProperties) = preSolution
		HideSolutionNode = FALSE
	EndGlobalSection
	GlobalSection(ExtensibilityGlobals) = postSolution
		SolutionGuid = {2FC9E7E5-5397-4356-9F9A-63B2CD519A8E}
	EndGlobalSection
EndGlobal
